Microsoft Visual Studio Solution File, Format Version 12.00
# Visual Studio Version 17
VisualStudioVersion = 17.5.2.0
MinimumVisualStudioVersion = 10.0.40219.1
Project("{FAE04EC0-301F-11D3-BF4B-00C04F79EFBC}") = "NewsPortalMVC", "NewsPortalMVC.csproj", "{F58771D6-005D-1878-BBDB-787365122670}"
EndProject
Global
	GlobalSection(SolutionConfigurationPlatforms) = preSolution
		Debug|Any CPU = Debug|Any CPU
		Release|Any CPU = Release|Any CPU
	EndGlobalSection
	GlobalSection(ProjectConfigurationPlatforms) = postSolution
		{F58771D6-005D-1878-BBDB-787365122670}.Debug|Any CPU.ActiveCfg = Debug|Any CPU
		{F58771D6-005D-1878-BBDB-787365122670}.Debug|Any CPU.Build.0 = Debug|Any CPU
		{F58771D6-005D-1878-BBDB-787365122670}.Release|Any CPU.ActiveCfg = Release|Any CPU
		{F58771D6-005D-1878-BBDB-787365122670}.Release|Any CPU.Build.0 = Release|Any CPU
	EndGlobalSection
	GlobalSection(SolutionProperties) = preSolution
		HideSolutionNode = FALSE
	EndGlobalSection
	GlobalSection(ExtensibilityGlobals) = postSolution
		SolutionGuid = {BB738B2C-7576-47F1-8EB4-A90DE6E05FDD}
	EndGlobalSection
EndGlobal
